// !$*UTF8*$!
{
	archiveVersion = 1;
	classes = {
	};
	objectVersion = 56;
	objects = {

/* Begin PBXBuildFile section */
		2216BF9D2C93EA4F001FE107 /* RavePackages in Resources */ = {isa = PBXBuildFile; fileRef = 2216BF9C2C93EA4F001FE107 /* RavePackages */; };
		2227F9682BC0E9E600E03E8F /* ColorWatch Watch App.app in Embed Watch Content */ = {isa = PBXBuildFile; fileRef = 2227F9672BC0E9E600E03E8F /* ColorWatch Watch App.app */; settings = {ATTRIBUTES = (RemoveHeadersOnCopy, ); }; };
		2227F96D2BC0E9E600E03E8F /* ColorWatchApp.swift in Sources */ = {isa = PBXBuildFile; fileRef = 2227F96C2BC0E9E600E03E8F /* ColorWatchApp.swift */; };
		2227F96F2BC0E9E600E03E8F /* ContentView.swift in Sources */ = {isa = PBXBuildFile; fileRef = 2227F96E2BC0E9E600E03E8F /* ContentView.swift */; };
		2227F9712BC0E9E700E03E8F /* Assets.xcassets in Resources */ = {isa = PBXBuildFile; fileRef = 2227F9702BC0E9E700E03E8F /* Assets.xcassets */; };
		2227F9742BC0E9E700E03E8F /* Preview Assets.xcassets in Resources */ = {isa = PBXBuildFile; fileRef = 2227F9732BC0E9E700E03E8F /* Preview Assets.xcassets */; };
		2227F97E2BC0EB6000E03E8F /* RavePackages in Frameworks */ = {isa = PBXBuildFile; productRef = 2227F97D2BC0EB6000E03E8F /* RavePackages */; };
		2251376B2BC09A3400131A57 /* RavePackages in Frameworks */ = {isa = PBXBuildFile; productRef = 2251376A2BC09A3400131A57 /* RavePackages */; };
		22EAC9562BC88E640053AD90 /* RavePhoneApp.swift in Sources */ = {isa = PBXBuildFile; fileRef = 22EAC9552BC88E640053AD90 /* RavePhoneApp.swift */; };
		22EAC9582BC88E640053AD90 /* ContentView.swift in Sources */ = {isa = PBXBuildFile; fileRef = 22EAC9572BC88E640053AD90 /* ContentView.swift */; };
		22EAC95A2BC88E650053AD90 /* Assets.xcassets in Resources */ = {isa = PBXBuildFile; fileRef = 22EAC9592BC88E650053AD90 /* Assets.xcassets */; };
		22EAC95D2BC88E650053AD90 /* Preview Assets.xcassets in Resources */ = {isa = PBXBuildFile; fileRef = 22EAC95C2BC88E650053AD90 /* Preview Assets.xcassets */; };
		22EAC9622BC88EC00053AD90 /* RavePackages in Frameworks */ = {isa = PBXBuildFile; productRef = 22EAC9612BC88EC00053AD90 /* RavePackages */; };
		22F8D39F2BB3CA4800C468CA /* RaveWatch Watch App.app in Embed Watch Content */ = {isa = PBXBuildFile; fileRef = 22F8D39E2BB3CA4800C468CA /* RaveWatch Watch App.app */; settings = {ATTRIBUTES = (RemoveHeadersOnCopy, ); }; };
		22F8D3A42BB3CA4800C468CA /* RaveWatchApp.swift in Sources */ = {isa = PBXBuildFile; fileRef = 22F8D3A32BB3CA4800C468CA /* RaveWatchApp.swift */; };
		22F8D3A62BB3CA4800C468CA /* ContentView.swift in Sources */ = {isa = PBXBuildFile; fileRef = 22F8D3A52BB3CA4800C468CA /* ContentView.swift */; };
		22F8D3A82BB3CA4900C468CA /* Assets.xcassets in Resources */ = {isa = PBXBuildFile; fileRef = 22F8D3A72BB3CA4900C468CA /* Assets.xcassets */; };
		22F8D3AB2BB3CA4900C468CA /* Preview Assets.xcassets in Resources */ = {isa = PBXBuildFile; fileRef = 22F8D3AA2BB3CA4900C468CA /* Preview Assets.xcassets */; };
		22F8D3BE2BB508DD00C468CA /* RaveMacApp.swift in Sources */ = {isa = PBXBuildFile; fileRef = 22F8D3BD2BB508DD00C468CA /* RaveMacApp.swift */; };
		22F8D3C02BB508DD00C468CA /* ContentView.swift in Sources */ = {isa = PBXBuildFile; fileRef = 22F8D3BF2BB508DD00C468CA /* ContentView.swift */; };
		22F8D3C22BB508E000C468CA /* Assets.xcassets in Resources */ = {isa = PBXBuildFile; fileRef = 22F8D3C12BB508E000C468CA /* Assets.xcassets */; };
		22F8D3C52BB508E000C468CA /* Preview Assets.xcassets in Resources */ = {isa = PBXBuildFile; fileRef = 22F8D3C42BB508E000C468CA /* Preview Assets.xcassets */; };
		22F8D3D22BB5094700C468CA /* GyroWatch Watch App.app in Embed Watch Content */ = {isa = PBXBuildFile; fileRef = 22F8D3D12BB5094700C468CA /* GyroWatch Watch App.app */; settings = {ATTRIBUTES = (RemoveHeadersOnCopy, ); }; };
		22F8D3D72BB5094700C468CA /* GyroWatchApp.swift in Sources */ = {isa = PBXBuildFile; fileRef = 22F8D3D62BB5094700C468CA /* GyroWatchApp.swift */; };
		22F8D3D92BB5094700C468CA /* ContentView.swift in Sources */ = {isa = PBXBuildFile; fileRef = 22F8D3D82BB5094700C468CA /* ContentView.swift */; };
		22F8D3DB2BB5094800C468CA /* Assets.xcassets in Resources */ = {isa = PBXBuildFile; fileRef = 22F8D3DA2BB5094800C468CA /* Assets.xcassets */; };
		22F8D3DE2BB5094800C468CA /* Preview Assets.xcassets in Resources */ = {isa = PBXBuildFile; fileRef = 22F8D3DD2BB5094800C468CA /* Preview Assets.xcassets */; };
		22F8D3EA2BB5F3AE00C468CA /* RavePackages in Frameworks */ = {isa = PBXBuildFile; productRef = 22F8D3E92BB5F3AE00C468CA /* RavePackages */; };
		22F8D3EC2BB5F3B100C468CA /* RavePackages in Frameworks */ = {isa = PBXBuildFile; productRef = 22F8D3EB2BB5F3B100C468CA /* RavePackages */; };
/* End PBXBuildFile section */

/* Begin PBXContainerItemProxy section */
		2227F9692BC0E9E600E03E8F /* PBXContainerItemProxy */ = {
			isa = PBXContainerItemProxy;
			containerPortal = 22F8D3922BB3CA4800C468CA /* Project object */;
			proxyType = 1;
			remoteGlobalIDString = 2227F9662BC0E9E600E03E8F;
			remoteInfo = "ColorWatch Watch App";
		};
		22F8D3A02BB3CA4800C468CA /* PBXContainerItemProxy */ = {
			isa = PBXContainerItemProxy;
			containerPortal = 22F8D3922BB3CA4800C468CA /* Project object */;
			proxyType = 1;
			remoteGlobalIDString = 22F8D39D2BB3CA4800C468CA;
			remoteInfo = "RaveWatch Watch App";
		};
		22F8D3D32BB5094700C468CA /* PBXContainerItemProxy */ = {
			isa = PBXContainerItemProxy;
			containerPortal = 22F8D3922BB3CA4800C468CA /* Project object */;
			proxyType = 1;
			remoteGlobalIDString = 22F8D3D02BB5094700C468CA;
			remoteInfo = "GyroWatch Watch App";
		};
/* End PBXContainerItemProxy section */

/* Begin PBXCopyFilesBuildPhase section */
		2227F9782BC0E9E700E03E8F /* Embed Watch Content */ = {
			isa = PBXCopyFilesBuildPhase;
			buildActionMask = 2147483647;
			dstPath = "$(CONTENTS_FOLDER_PATH)/Watch";
			dstSubfolderSpec = 16;
			files = (
				2227F9682BC0E9E600E03E8F /* ColorWatch Watch App.app in Embed Watch Content */,
			);
			name = "Embed Watch Content";
			runOnlyForDeploymentPostprocessing = 0;
		};
		22F8D3B12BB3CA4900C468CA /* Embed Watch Content */ = {
			isa = PBXCopyFilesBuildPhase;
			buildActionMask = 2147483647;
			dstPath = "$(CONTENTS_FOLDER_PATH)/Watch";
			dstSubfolderSpec = 16;
			files = (
				22F8D39F2BB3CA4800C468CA /* RaveWatch Watch App.app in Embed Watch Content */,
			);
			name = "Embed Watch Content";
			runOnlyForDeploymentPostprocessing = 0;
		};
		22F8D3E22BB5094800C468CA /* Embed Watch Content */ = {
			isa = PBXCopyFilesBuildPhase;
			buildActionMask = 2147483647;
			dstPath = "$(CONTENTS_FOLDER_PATH)/Watch";
			dstSubfolderSpec = 16;
			files = (
				22F8D3D22BB5094700C468CA /* GyroWatch Watch App.app in Embed Watch Content */,
			);
			name = "Embed Watch Content";
			runOnlyForDeploymentPostprocessing = 0;
		};
/* End PBXCopyFilesBuildPhase section */

/* Begin PBXFileReference section */
		2216BF9C2C93EA4F001FE107 /* RavePackages */ = {isa = PBXFileReference; lastKnownFileType = wrapper; name = RavePackages; path = ../RavePackages; sourceTree = "<group>"; };
		2227F95F2BC0E7F100E03E8F /* GyroWatch-Watch-App-Info.plist */ = {isa = PBXFileReference; lastKnownFileType = text.plist; path = "GyroWatch-Watch-App-Info.plist"; sourceTree = SOURCE_ROOT; };
		2227F9622BC0E9E500E03E8F /* ColorWatch.app */ = {isa = PBXFileReference; explicitFileType = wrapper.application; includeInIndex = 0; path = ColorWatch.app; sourceTree = BUILT_PRODUCTS_DIR; };
		2227F9672BC0E9E600E03E8F /* ColorWatch Watch App.app */ = {isa = PBXFileReference; explicitFileType = wrapper.application; includeInIndex = 0; path = "ColorWatch Watch App.app"; sourceTree = BUILT_PRODUCTS_DIR; };
		2227F96C2BC0E9E600E03E8F /* ColorWatchApp.swift */ = {isa = PBXFileReference; lastKnownFileType = sourcecode.swift; path = ColorWatchApp.swift; sourceTree = "<group>"; };
		2227F96E2BC0E9E600E03E8F /* ContentView.swift */ = {isa = PBXFileReference; lastKnownFileType = sourcecode.swift; path = ContentView.swift; sourceTree = "<group>"; };
		2227F9702BC0E9E700E03E8F /* Assets.xcassets */ = {isa = PBXFileReference; lastKnownFileType = folder.assetcatalog; path = Assets.xcassets; sourceTree = "<group>"; };
		2227F9732BC0E9E700E03E8F /* Preview Assets.xcassets */ = {isa = PBXFileReference; lastKnownFileType = folder.assetcatalog; path = "Preview Assets.xcassets"; sourceTree = "<group>"; };
		2227F97C2BC0EAB100E03E8F /* ColorWatch-Watch-App-Info.plist */ = {isa = PBXFileReference; lastKnownFileType = text.plist; path = "ColorWatch-Watch-App-Info.plist"; sourceTree = SOURCE_ROOT; };
		22EAC9072BC651620053AD90 /* RaveMacDebug.entitlements */ = {isa = PBXFileReference; lastKnownFileType = text.plist.entitlements; path = RaveMacDebug.entitlements; sourceTree = "<group>"; };
		22EAC9532BC88E630053AD90 /* RavePhone.app */ = {isa = PBXFileReference; explicitFileType = wrapper.application; includeInIndex = 0; path = RavePhone.app; sourceTree = BUILT_PRODUCTS_DIR; };
		22EAC9552BC88E640053AD90 /* RavePhoneApp.swift */ = {isa = PBXFileReference; lastKnownFileType = sourcecode.swift; path = RavePhoneApp.swift; sourceTree = "<group>"; };
		22EAC9572BC88E640053AD90 /* ContentView.swift */ = {isa = PBXFileReference; lastKnownFileType = sourcecode.swift; path = ContentView.swift; sourceTree = "<group>"; };
		22EAC9592BC88E650053AD90 /* Assets.xcassets */ = {isa = PBXFileReference; lastKnownFileType = folder.assetcatalog; path = Assets.xcassets; sourceTree = "<group>"; };
		22EAC95C2BC88E650053AD90 /* Preview Assets.xcassets */ = {isa = PBXFileReference; lastKnownFileType = folder.assetcatalog; path = "Preview Assets.xcassets"; sourceTree = "<group>"; };
		22EAC9632BC88F5E0053AD90 /* Info.plist */ = {isa = PBXFileReference; lastKnownFileType = text.plist; path = Info.plist; sourceTree = "<group>"; };
		22F8D3982BB3CA4800C468CA /* RaveWatch.app */ = {isa = PBXFileReference; explicitFileType = wrapper.application; includeInIndex = 0; path = RaveWatch.app; sourceTree = BUILT_PRODUCTS_DIR; };
		22F8D39E2BB3CA4800C468CA /* RaveWatch Watch App.app */ = {isa = PBXFileReference; explicitFileType = wrapper.application; includeInIndex = 0; path = "RaveWatch Watch App.app"; sourceTree = BUILT_PRODUCTS_DIR; };
		22F8D3A32BB3CA4800C468CA /* RaveWatchApp.swift */ = {isa = PBXFileReference; lastKnownFileType = sourcecode.swift; path = RaveWatchApp.swift; sourceTree = "<group>"; };
		22F8D3A52BB3CA4800C468CA /* ContentView.swift */ = {isa = PBXFileReference; lastKnownFileType = sourcecode.swift; path = ContentView.swift; sourceTree = "<group>"; };
		22F8D3A72BB3CA4900C468CA /* Assets.xcassets */ = {isa = PBXFileReference; lastKnownFileType = folder.assetcatalog; path = Assets.xcassets; sourceTree = "<group>"; };
		22F8D3AA2BB3CA4900C468CA /* Preview Assets.xcassets */ = {isa = PBXFileReference; lastKnownFileType = folder.assetcatalog; path = "Preview Assets.xcassets"; sourceTree = "<group>"; };
		22F8D3BB2BB508DD00C468CA /* RaveMac.app */ = {isa = PBXFileReference; explicitFileType = wrapper.application; includeInIndex = 0; path = RaveMac.app; sourceTree = BUILT_PRODUCTS_DIR; };
		22F8D3BD2BB508DD00C468CA /* RaveMacApp.swift */ = {isa = PBXFileReference; lastKnownFileType = sourcecode.swift; path = RaveMacApp.swift; sourceTree = "<group>"; };
		22F8D3BF2BB508DD00C468CA /* ContentView.swift */ = {isa = PBXFileReference; lastKnownFileType = sourcecode.swift; path = ContentView.swift; sourceTree = "<group>"; };
		22F8D3C12BB508E000C468CA /* Assets.xcassets */ = {isa = PBXFileReference; lastKnownFileType = folder.assetcatalog; path = Assets.xcassets; sourceTree = "<group>"; };
		22F8D3C42BB508E000C468CA /* Preview Assets.xcassets */ = {isa = PBXFileReference; lastKnownFileType = folder.assetcatalog; path = "Preview Assets.xcassets"; sourceTree = "<group>"; };
		22F8D3C62BB508E000C468CA /* RaveMac.entitlements */ = {isa = PBXFileReference; lastKnownFileType = text.plist.entitlements; path = RaveMac.entitlements; sourceTree = "<group>"; };
		22F8D3CC2BB5094700C468CA /* GyroWatch.app */ = {isa = PBXFileReference; explicitFileType = wrapper.application; includeInIndex = 0; path = GyroWatch.app; sourceTree = BUILT_PRODUCTS_DIR; };
		22F8D3D12BB5094700C468CA /* GyroWatch Watch App.app */ = {isa = PBXFileReference; explicitFileType = wrapper.application; includeInIndex = 0; path = "GyroWatch Watch App.app"; sourceTree = BUILT_PRODUCTS_DIR; };
		22F8D3D62BB5094700C468CA /* GyroWatchApp.swift */ = {isa = PBXFileReference; lastKnownFileType = sourcecode.swift; path = GyroWatchApp.swift; sourceTree = "<group>"; };
		22F8D3D82BB5094700C468CA /* ContentView.swift */ = {isa = PBXFileReference; lastKnownFileType = sourcecode.swift; path = ContentView.swift; sourceTree = "<group>"; };
		22F8D3DA2BB5094800C468CA /* Assets.xcassets */ = {isa = PBXFileReference; lastKnownFileType = folder.assetcatalog; path = Assets.xcassets; sourceTree = "<group>"; };
		22F8D3DD2BB5094800C468CA /* Preview Assets.xcassets */ = {isa = PBXFileReference; lastKnownFileType = folder.assetcatalog; path = "Preview Assets.xcassets"; sourceTree = "<group>"; };
/* End PBXFileReference section */

/* Begin PBXFrameworksBuildPhase section */
		2227F9642BC0E9E600E03E8F /* Frameworks */ = {
			isa = PBXFrameworksBuildPhase;
			buildActionMask = 2147483647;
			files = (
				2227F97E2BC0EB6000E03E8F /* RavePackages in Frameworks */,
			);
			runOnlyForDeploymentPostprocessing = 0;
		};
		22EAC9502BC88E630053AD90 /* Frameworks */ = {
			isa = PBXFrameworksBuildPhase;
			buildActionMask = 2147483647;
			files = (
				22EAC9622BC88EC00053AD90 /* RavePackages in Frameworks */,
			);
			runOnlyForDeploymentPostprocessing = 0;
		};
		22F8D39B2BB3CA4800C468CA /* Frameworks */ = {
			isa = PBXFrameworksBuildPhase;
			buildActionMask = 2147483647;
			files = (
				22F8D3EA2BB5F3AE00C468CA /* RavePackages in Frameworks */,
			);
			runOnlyForDeploymentPostprocessing = 0;
		};
		22F8D3B82BB508DD00C468CA /* Frameworks */ = {
			isa = PBXFrameworksBuildPhase;
			buildActionMask = 2147483647;
			files = (
				22F8D3EC2BB5F3B100C468CA /* RavePackages in Frameworks */,
			);
			runOnlyForDeploymentPostprocessing = 0;
		};
		22F8D3CE2BB5094700C468CA /* Frameworks */ = {
			isa = PBXFrameworksBuildPhase;
			buildActionMask = 2147483647;
			files = (
				2251376B2BC09A3400131A57 /* RavePackages in Frameworks */,
			);
			runOnlyForDeploymentPostprocessing = 0;
		};
/* End PBXFrameworksBuildPhase section */

/* Begin PBXGroup section */
		2227F96B2BC0E9E600E03E8F /* ColorWatch Watch App */ = {
			isa = PBXGroup;
			children = (
				2227F97C2BC0EAB100E03E8F /* ColorWatch-Watch-App-Info.plist */,
				2227F96C2BC0E9E600E03E8F /* ColorWatchApp.swift */,
				2227F96E2BC0E9E600E03E8F /* ContentView.swift */,
				2227F9702BC0E9E700E03E8F /* Assets.xcassets */,
				2227F9722BC0E9E700E03E8F /* Preview Content */,
			);
			path = "ColorWatch Watch App";
			sourceTree = "<group>";
		};
		2227F9722BC0E9E700E03E8F /* Preview Content */ = {
			isa = PBXGroup;
			children = (
				2227F9732BC0E9E700E03E8F /* Preview Assets.xcassets */,
			);
			path = "Preview Content";
			sourceTree = "<group>";
		};
		22EAC9542BC88E640053AD90 /* RavePhone */ = {
			isa = PBXGroup;
			children = (
				22EAC9632BC88F5E0053AD90 /* Info.plist */,
				22EAC9552BC88E640053AD90 /* RavePhoneApp.swift */,
				22EAC9572BC88E640053AD90 /* ContentView.swift */,
				22EAC9592BC88E650053AD90 /* Assets.xcassets */,
				22EAC95B2BC88E650053AD90 /* Preview Content */,
			);
			path = RavePhone;
			sourceTree = "<group>";
		};
		22EAC95B2BC88E650053AD90 /* Preview Content */ = {
			isa = PBXGroup;
			children = (
				22EAC95C2BC88E650053AD90 /* Preview Assets.xcassets */,
			);
			path = "Preview Content";
			sourceTree = "<group>";
		};
		22F8D3912BB3CA4800C468CA = {
			isa = PBXGroup;
			children = (
				2216BF9C2C93EA4F001FE107 /* RavePackages */,
				22F8D3A22BB3CA4800C468CA /* RaveWatch Watch App */,
				22F8D3BC2BB508DD00C468CA /* RaveMac */,
				22F8D3D52BB5094700C468CA /* GyroWatch Watch App */,
				2227F96B2BC0E9E600E03E8F /* ColorWatch Watch App */,
				22EAC9542BC88E640053AD90 /* RavePhone */,
				22F8D3992BB3CA4800C468CA /* Products */,
				22F8D3E62BB5F39800C468CA /* Frameworks */,
			);
			sourceTree = "<group>";
		};
		22F8D3992BB3CA4800C468CA /* Products */ = {
			isa = PBXGroup;
			children = (
				22F8D3982BB3CA4800C468CA /* RaveWatch.app */,
				22F8D39E2BB3CA4800C468CA /* RaveWatch Watch App.app */,
				22F8D3BB2BB508DD00C468CA /* RaveMac.app */,
				22F8D3CC2BB5094700C468CA /* GyroWatch.app */,
				22F8D3D12BB5094700C468CA /* GyroWatch Watch App.app */,
				2227F9622BC0E9E500E03E8F /* ColorWatch.app */,
				2227F9672BC0E9E600E03E8F /* ColorWatch Watch App.app */,
				22EAC9532BC88E630053AD90 /* RavePhone.app */,
			);
			name = Products;
			sourceTree = "<group>";
		};
		22F8D3A22BB3CA4800C468CA /* RaveWatch Watch App */ = {
			isa = PBXGroup;
			children = (
				22F8D3A32BB3CA4800C468CA /* RaveWatchApp.swift */,
				22F8D3A52BB3CA4800C468CA /* ContentView.swift */,
				22F8D3A72BB3CA4900C468CA /* Assets.xcassets */,
				22F8D3A92BB3CA4900C468CA /* Preview Content */,
			);
			path = "RaveWatch Watch App";
			sourceTree = "<group>";
		};
		22F8D3A92BB3CA4900C468CA /* Preview Content */ = {
			isa = PBXGroup;
			children = (
				22F8D3AA2BB3CA4900C468CA /* Preview Assets.xcassets */,
			);
			path = "Preview Content";
			sourceTree = "<group>";
		};
		22F8D3BC2BB508DD00C468CA /* RaveMac */ = {
			isa = PBXGroup;
			children = (
				22EAC9072BC651620053AD90 /* RaveMacDebug.entitlements */,
				22F8D3BD2BB508DD00C468CA /* RaveMacApp.swift */,
				22F8D3BF2BB508DD00C468CA /* ContentView.swift */,
				22F8D3C12BB508E000C468CA /* Assets.xcassets */,
				22F8D3C62BB508E000C468CA /* RaveMac.entitlements */,
				22F8D3C32BB508E000C468CA /* Preview Content */,
			);
			path = RaveMac;
			sourceTree = "<group>";
		};
		22F8D3C32BB508E000C468CA /* Preview Content */ = {
			isa = PBXGroup;
			children = (
				22F8D3C42BB508E000C468CA /* Preview Assets.xcassets */,
			);
			path = "Preview Content";
			sourceTree = "<group>";
		};
		22F8D3D52BB5094700C468CA /* GyroWatch Watch App */ = {
			isa = PBXGroup;
			children = (
				2227F95F2BC0E7F100E03E8F /* GyroWatch-Watch-App-Info.plist */,
				22F8D3D62BB5094700C468CA /* GyroWatchApp.swift */,
				22F8D3D82BB5094700C468CA /* ContentView.swift */,
				22F8D3DA2BB5094800C468CA /* Assets.xcassets */,
				22F8D3DC2BB5094800C468CA /* Preview Content */,
			);
			path = "GyroWatch Watch App";
			sourceTree = "<group>";
		};
		22F8D3DC2BB5094800C468CA /* Preview Content */ = {
			isa = PBXGroup;
			children = (
				22F8D3DD2BB5094800C468CA /* Preview Assets.xcassets */,
			);
			path = "Preview Content";
			sourceTree = "<group>";
		};
		22F8D3E62BB5F39800C468CA /* Frameworks */ = {
			isa = PBXGroup;
			children = (
			);
			name = Frameworks;
			sourceTree = "<group>";
		};
/* End PBXGroup section */

/* Begin PBXNativeTarget section */
		2227F9612BC0E9E500E03E8F /* ColorWatch */ = {
			isa = PBXNativeTarget;
			buildConfigurationList = 2227F9792BC0E9E700E03E8F /* Build configuration list for PBXNativeTarget "ColorWatch" */;
			buildPhases = (
				2227F9602BC0E9E500E03E8F /* Resources */,
				2227F9782BC0E9E700E03E8F /* Embed Watch Content */,
			);
			buildRules = (
			);
			dependencies = (
				2227F96A2BC0E9E600E03E8F /* PBXTargetDependency */,
			);
			name = ColorWatch;
			productName = ColorWatch;
			productReference = 2227F9622BC0E9E500E03E8F /* ColorWatch.app */;
			productType = "com.apple.product-type.application.watchapp2-container";
		};
		2227F9662BC0E9E600E03E8F /* ColorWatch Watch App */ = {
			isa = PBXNativeTarget;
			buildConfigurationList = 2227F9752BC0E9E700E03E8F /* Build configuration list for PBXNativeTarget "ColorWatch Watch App" */;
			buildPhases = (
				2227F9632BC0E9E600E03E8F /* Sources */,
				2227F9642BC0E9E600E03E8F /* Frameworks */,
				2227F9652BC0E9E600E03E8F /* Resources */,
			);
			buildRules = (
			);
			dependencies = (
			);
			name = "ColorWatch Watch App";
			packageProductDependencies = (
				2227F97D2BC0EB6000E03E8F /* RavePackages */,
			);
			productName = "ColorWatch Watch App";
			productReference = 2227F9672BC0E9E600E03E8F /* ColorWatch Watch App.app */;
			productType = "com.apple.product-type.application";
		};
		22EAC9522BC88E630053AD90 /* RavePhone */ = {
			isa = PBXNativeTarget;
			buildConfigurationList = 22EAC95E2BC88E650053AD90 /* Build configuration list for PBXNativeTarget "RavePhone" */;
			buildPhases = (
				22EAC94F2BC88E630053AD90 /* Sources */,
				22EAC9502BC88E630053AD90 /* Frameworks */,
				22EAC9512BC88E630053AD90 /* Resources */,
			);
			buildRules = (
			);
			dependencies = (
			);
			name = RavePhone;
			packageProductDependencies = (
				22EAC9612BC88EC00053AD90 /* RavePackages */,
			);
			productName = RavePhone;
			productReference = 22EAC9532BC88E630053AD90 /* RavePhone.app */;
			productType = "com.apple.product-type.application";
		};
		22F8D3972BB3CA4800C468CA /* RaveWatch */ = {
			isa = PBXNativeTarget;
			buildConfigurationList = 22F8D3B22BB3CA4900C468CA /* Build configuration list for PBXNativeTarget "RaveWatch" */;
			buildPhases = (
				22F8D3962BB3CA4800C468CA /* Resources */,
				22F8D3B12BB3CA4900C468CA /* Embed Watch Content */,
			);
			buildRules = (
			);
			dependencies = (
				22F8D3A12BB3CA4800C468CA /* PBXTargetDependency */,
			);
			name = RaveWatch;
			productName = RaveWatch;
			productReference = 22F8D3982BB3CA4800C468CA /* RaveWatch.app */;
			productType = "com.apple.product-type.application.watchapp2-container";
		};
		22F8D39D2BB3CA4800C468CA /* RaveWatch Watch App */ = {
			isa = PBXNativeTarget;
			buildConfigurationList = 22F8D3AE2BB3CA4900C468CA /* Build configuration list for PBXNativeTarget "RaveWatch Watch App" */;
			buildPhases = (
				22F8D39A2BB3CA4800C468CA /* Sources */,
				22F8D39B2BB3CA4800C468CA /* Frameworks */,
				22F8D39C2BB3CA4800C468CA /* Resources */,
			);
			buildRules = (
			);
			dependencies = (
			);
			name = "RaveWatch Watch App";
			packageProductDependencies = (
				22F8D3E92BB5F3AE00C468CA /* RavePackages */,
			);
			productName = "RaveWatch Watch App";
			productReference = 22F8D39E2BB3CA4800C468CA /* RaveWatch Watch App.app */;
			productType = "com.apple.product-type.application";
		};
		22F8D3BA2BB508DD00C468CA /* RaveMac */ = {
			isa = PBXNativeTarget;
			buildConfigurationList = 22F8D3C72BB508E000C468CA /* Build configuration list for PBXNativeTarget "RaveMac" */;
			buildPhases = (
				22F8D3B72BB508DD00C468CA /* Sources */,
				22F8D3B82BB508DD00C468CA /* Frameworks */,
				22F8D3B92BB508DD00C468CA /* Resources */,
			);
			buildRules = (
			);
			dependencies = (
			);
			name = RaveMac;
			packageProductDependencies = (
				22F8D3EB2BB5F3B100C468CA /* RavePackages */,
			);
			productName = RaveMac;
			productReference = 22F8D3BB2BB508DD00C468CA /* RaveMac.app */;
			productType = "com.apple.product-type.application";
		};
		22F8D3CB2BB5094700C468CA /* GyroWatch */ = {
			isa = PBXNativeTarget;
			buildConfigurationList = 22F8D3E32BB5094800C468CA /* Build configuration list for PBXNativeTarget "GyroWatch" */;
			buildPhases = (
				22F8D3CA2BB5094700C468CA /* Resources */,
				22F8D3E22BB5094800C468CA /* Embed Watch Content */,
			);
			buildRules = (
			);
			dependencies = (
				22F8D3D42BB5094700C468CA /* PBXTargetDependency */,
			);
			name = GyroWatch;
			productName = GyroWatch;
			productReference = 22F8D3CC2BB5094700C468CA /* GyroWatch.app */;
			productType = "com.apple.product-type.application.watchapp2-container";
		};
		22F8D3D02BB5094700C468CA /* GyroWatch Watch App */ = {
			isa = PBXNativeTarget;
			buildConfigurationList = 22F8D3DF2BB5094800C468CA /* Build configuration list for PBXNativeTarget "GyroWatch Watch App" */;
			buildPhases = (
				22F8D3CD2BB5094700C468CA /* Sources */,
				22F8D3CE2BB5094700C468CA /* Frameworks */,
				22F8D3CF2BB5094700C468CA /* Resources */,
			);
			buildRules = (
			);
			dependencies = (
			);
			name = "GyroWatch Watch App";
			packageProductDependencies = (
				2251376A2BC09A3400131A57 /* RavePackages */,
			);
			productName = "GyroWatch Watch App";
			productReference = 22F8D3D12BB5094700C468CA /* GyroWatch Watch App.app */;
			productType = "com.apple.product-type.application";
		};
/* End PBXNativeTarget section */

/* Begin PBXProject section */
		22F8D3922BB3CA4800C468CA /* Project object */ = {
			isa = PBXProject;
			attributes = {
				BuildIndependentTargetsInParallel = 1;
				LastSwiftUpdateCheck = 1500;
				LastUpgradeCheck = 1500;
				TargetAttributes = {
					2227F9612BC0E9E500E03E8F = {
						CreatedOnToolsVersion = 15.0.1;
					};
					2227F9662BC0E9E600E03E8F = {
						CreatedOnToolsVersion = 15.0.1;
					};
					22EAC9522BC88E630053AD90 = {
						CreatedOnToolsVersion = 15.0.1;
					};
					22F8D3972BB3CA4800C468CA = {
						CreatedOnToolsVersion = 15.0.1;
					};
					22F8D39D2BB3CA4800C468CA = {
						CreatedOnToolsVersion = 15.0.1;
					};
					22F8D3BA2BB508DD00C468CA = {
						CreatedOnToolsVersion = 15.0.1;
					};
					22F8D3CB2BB5094700C468CA = {
						CreatedOnToolsVersion = 15.0.1;
					};
					22F8D3D02BB5094700C468CA = {
						CreatedOnToolsVersion = 15.0.1;
					};
				};
			};
			buildConfigurationList = 22F8D3952BB3CA4800C468CA /* Build configuration list for PBXProject "RaveWatch" */;
			compatibilityVersion = "Xcode 14.0";
			developmentRegion = en;
			hasScannedForEncodings = 0;
			knownRegions = (
				en,
				Base,
			);
			mainGroup = 22F8D3912BB3CA4800C468CA;
			productRefGroup = 22F8D3992BB3CA4800C468CA /* Products */;
			projectDirPath = "";
			projectRoot = "";
			targets = (
				22F8D3972BB3CA4800C468CA /* RaveWatch */,
				22F8D39D2BB3CA4800C468CA /* RaveWatch Watch App */,
				22F8D3BA2BB508DD00C468CA /* RaveMac */,
				22F8D3CB2BB5094700C468CA /* GyroWatch */,
				22F8D3D02BB5094700C468CA /* GyroWatch Watch App */,
				2227F9612BC0E9E500E03E8F /* ColorWatch */,
				2227F9662BC0E9E600E03E8F /* ColorWatch Watch App */,
				22EAC9522BC88E630053AD90 /* RavePhone */,
			);
		};
/* End PBXProject section */

/* Begin PBXResourcesBuildPhase section */
		2227F9602BC0E9E500E03E8F /* Resources */ = {
			isa = PBXResourcesBuildPhase;
			buildActionMask = 2147483647;
			files = (
			);
			runOnlyForDeploymentPostprocessing = 0;
		};
		2227F9652BC0E9E600E03E8F /* Resources */ = {
			isa = PBXResourcesBuildPhase;
			buildActionMask = 2147483647;
			files = (
				2227F9742BC0E9E700E03E8F /* Preview Assets.xcassets in Resources */,
				2227F9712BC0E9E700E03E8F /* Assets.xcassets in Resources */,
			);
			runOnlyForDeploymentPostprocessing = 0;
		};
		22EAC9512BC88E630053AD90 /* Resources */ = {
			isa = PBXResourcesBuildPhase;
			buildActionMask = 2147483647;
			files = (
				22EAC95D2BC88E650053AD90 /* Preview Assets.xcassets in Resources */,
				22EAC95A2BC88E650053AD90 /* Assets.xcassets in Resources */,
			);
			runOnlyForDeploymentPostprocessing = 0;
		};
		22F8D3962BB3CA4800C468CA /* Resources */ = {
			isa = PBXResourcesBuildPhase;
			buildActionMask = 2147483647;
			files = (
				2216BF9D2C93EA4F001FE107 /* RavePackages in Resources */,
			);
			runOnlyForDeploymentPostprocessing = 0;
		};
		22F8D39C2BB3CA4800C468CA /* Resources */ = {
			isa = PBXResourcesBuildPhase;
			buildActionMask = 2147483647;
			files = (
				22F8D3AB2BB3CA4900C468CA /* Preview Assets.xcassets in Resources */,
				22F8D3A82BB3CA4900C468CA /* Assets.xcassets in Resources */,
			);
			runOnlyForDeploymentPostprocessing = 0;
		};
		22F8D3B92BB508DD00C468CA /* Resources */ = {
			isa = PBXResourcesBuildPhase;
			buildActionMask = 2147483647;
			files = (
				22F8D3C52BB508E000C468CA /* Preview Assets.xcassets in Resources */,
				22F8D3C22BB508E000C468CA /* Assets.xcassets in Resources */,
			);
			runOnlyForDeploymentPostprocessing = 0;
		};
		22F8D3CA2BB5094700C468CA /* Resources */ = {
			isa = PBXResourcesBuildPhase;
			buildActionMask = 2147483647;
			files = (
			);
			runOnlyForDeploymentPostprocessing = 0;
		};
		22F8D3CF2BB5094700C468CA /* Resources */ = {
			isa = PBXResourcesBuildPhase;
			buildActionMask = 2147483647;
			files = (
				22F8D3DE2BB5094800C468CA /* Preview Assets.xcassets in Resources */,
				22F8D3DB2BB5094800C468CA /* Assets.xcassets in Resources */,
			);
			runOnlyForDeploymentPostprocessing = 0;
		};
/* End PBXResourcesBuildPhase section */

/* Begin PBXSourcesBuildPhase section */
		2227F9632BC0E9E600E03E8F /* Sources */ = {
			isa = PBXSourcesBuildPhase;
			buildActionMask = 2147483647;
			files = (
				2227F96F2BC0E9E600E03E8F /* ContentView.swift in Sources */,
				2227F96D2BC0E9E600E03E8F /* ColorWatchApp.swift in Sources */,
			);
			runOnlyForDeploymentPostprocessing = 0;
		};
		22EAC94F2BC88E630053AD90 /* Sources */ = {
			isa = PBXSourcesBuildPhase;
			buildActionMask = 2147483647;
			files = (
				22EAC9582BC88E640053AD90 /* ContentView.swift in Sources */,
				22EAC9562BC88E640053AD90 /* RavePhoneApp.swift in Sources */,
			);
			runOnlyForDeploymentPostprocessing = 0;
		};
		22F8D39A2BB3CA4800C468CA /* Sources */ = {
			isa = PBXSourcesBuildPhase;
			buildActionMask = 2147483647;
			files = (
				22F8D3A62BB3CA4800C468CA /* ContentView.swift in Sources */,
				22F8D3A42BB3CA4800C468CA /* RaveWatchApp.swift in Sources */,
			);
			runOnlyForDeploymentPostprocessing = 0;
		};
		22F8D3B72BB508DD00C468CA /* Sources */ = {
			isa = PBXSourcesBuildPhase;
			buildActionMask = 2147483647;
			files = (
				22F8D3C02BB508DD00C468CA /* ContentView.swift in Sources */,
				22F8D3BE2BB508DD00C468CA /* RaveMacApp.swift in Sources */,
			);
			runOnlyForDeploymentPostprocessing = 0;
		};
		22F8D3CD2BB5094700C468CA /* Sources */ = {
			isa = PBXSourcesBuildPhase;
			buildActionMask = 2147483647;
			files = (
				22F8D3D92BB5094700C468CA /* ContentView.swift in Sources */,
				22F8D3D72BB5094700C468CA /* GyroWatchApp.swift in Sources */,
			);
			runOnlyForDeploymentPostprocessing = 0;
		};
/* End PBXSourcesBuildPhase section */

/* Begin PBXTargetDependency section */
		2227F96A2BC0E9E600E03E8F /* PBXTargetDependency */ = {
			isa = PBXTargetDependency;
			target = 2227F9662BC0E9E600E03E8F /* ColorWatch Watch App */;
			targetProxy = 2227F9692BC0E9E600E03E8F /* PBXContainerItemProxy */;
		};
		22F8D3A12BB3CA4800C468CA /* PBXTargetDependency */ = {
			isa = PBXTargetDependency;
			target = 22F8D39D2BB3CA4800C468CA /* RaveWatch Watch App */;
			targetProxy = 22F8D3A02BB3CA4800C468CA /* PBXContainerItemProxy */;
		};
		22F8D3D42BB5094700C468CA /* PBXTargetDependency */ = {
			isa = PBXTargetDependency;
			target = 22F8D3D02BB5094700C468CA /* GyroWatch Watch App */;
			targetProxy = 22F8D3D32BB5094700C468CA /* PBXContainerItemProxy */;
		};
/* End PBXTargetDependency section */

/* Begin XCBuildConfiguration section */
		2227F9762BC0E9E700E03E8F /* Debug */ = {
			isa = XCBuildConfiguration;
			buildSettings = {
				ASSETCATALOG_COMPILER_APPICON_NAME = AppIcon;
				ASSETCATALOG_COMPILER_GLOBAL_ACCENT_COLOR_NAME = AccentColor;
				CODE_SIGN_STYLE = Automatic;
				CURRENT_PROJECT_VERSION = 1;
				DEVELOPMENT_ASSET_PATHS = "\"ColorWatch Watch App/Preview Content\"";
				DEVELOPMENT_TEAM = J3JH7QQGHX;
				ENABLE_PREVIEWS = YES;
				GENERATE_INFOPLIST_FILE = YES;
				INFOPLIST_FILE = "ColorWatch-Watch-App-Info.plist";
				INFOPLIST_KEY_CFBundleDisplayName = ColorWatch;
				INFOPLIST_KEY_NSBluetoothAlwaysUsageDescription = "Bluetooth is needed to detect";
				INFOPLIST_KEY_UISupportedInterfaceOrientations = "UIInterfaceOrientationPortrait UIInterfaceOrientationPortraitUpsideDown";
				INFOPLIST_KEY_WKWatchOnly = YES;
				LD_RUNPATH_SEARCH_PATHS = (
					"$(inherited)",
					"@executable_path/Frameworks",
				);
				MARKETING_VERSION = 1.0;
				PRODUCT_BUNDLE_IDENTIFIER = Sean.ColorWatch.watchkitapp;
				PRODUCT_NAME = "$(TARGET_NAME)";
				SDKROOT = watchos;
				SKIP_INSTALL = YES;
				SWIFT_EMIT_LOC_STRINGS = YES;
				SWIFT_VERSION = 5.0;
				TARGETED_DEVICE_FAMILY = 4;
				WATCHOS_DEPLOYMENT_TARGET = 10.0;
			};
			name = Debug;
		};
		2227F9772BC0E9E700E03E8F /* Release */ = {
			isa = XCBuildConfiguration;
			buildSettings = {
				ASSETCATALOG_COMPILER_APPICON_NAME = AppIcon;
				ASSETCATALOG_COMPILER_GLOBAL_ACCENT_COLOR_NAME = AccentColor;
				CODE_SIGN_STYLE = Automatic;
				CURRENT_PROJECT_VERSION = 1;
				DEVELOPMENT_ASSET_PATHS = "\"ColorWatch Watch App/Preview Content\"";
				DEVELOPMENT_TEAM = J3JH7QQGHX;
				ENABLE_PREVIEWS = YES;
				GENERATE_INFOPLIST_FILE = YES;
				INFOPLIST_FILE = "ColorWatch-Watch-App-Info.plist";
				INFOPLIST_KEY_CFBundleDisplayName = ColorWatch;
				INFOPLIST_KEY_NSBluetoothAlwaysUsageDescription = "Bluetooth is needed to detect";
				INFOPLIST_KEY_UISupportedInterfaceOrientations = "UIInterfaceOrientationPortrait UIInterfaceOrientationPortraitUpsideDown";
				INFOPLIST_KEY_WKWatchOnly = YES;
				LD_RUNPATH_SEARCH_PATHS = (
					"$(inherited)",
					"@executable_path/Frameworks",
				);
				MARKETING_VERSION = 1.0;
				PRODUCT_BUNDLE_IDENTIFIER = Sean.ColorWatch.watchkitapp;
				PRODUCT_NAME = "$(TARGET_NAME)";
				SDKROOT = watchos;
				SKIP_INSTALL = YES;
				SWIFT_EMIT_LOC_STRINGS = YES;
				SWIFT_VERSION = 5.0;
				TARGETED_DEVICE_FAMILY = 4;
				VALIDATE_PRODUCT = YES;
				WATCHOS_DEPLOYMENT_TARGET = 10.0;
			};
			name = Release;
		};
		2227F97A2BC0E9E700E03E8F /* Debug */ = {
			isa = XCBuildConfiguration;
			buildSettings = {
				ALWAYS_EMBED_SWIFT_STANDARD_LIBRARIES = YES;
				CODE_SIGN_STYLE = Automatic;
				CURRENT_PROJECT_VERSION = 1;
				DEVELOPMENT_TEAM = J3JH7QQGHX;
				INFOPLIST_KEY_CFBundleDisplayName = ColorWatch;
				MARKETING_VERSION = 1.0;
				PRODUCT_BUNDLE_IDENTIFIER = Sean.ColorWatch;
				PRODUCT_NAME = "$(TARGET_NAME)";
				SDKROOT = iphoneos;
				SWIFT_VERSION = 5.0;
			};
			name = Debug;
		};
		2227F97B2BC0E9E700E03E8F /* Release */ = {
			isa = XCBuildConfiguration;
			buildSettings = {
				ALWAYS_EMBED_SWIFT_STANDARD_LIBRARIES = YES;
				CODE_SIGN_STYLE = Automatic;
				CURRENT_PROJECT_VERSION = 1;
				DEVELOPMENT_TEAM = J3JH7QQGHX;
				INFOPLIST_KEY_CFBundleDisplayName = ColorWatch;
				MARKETING_VERSION = 1.0;
				PRODUCT_BUNDLE_IDENTIFIER = Sean.ColorWatch;
				PRODUCT_NAME = "$(TARGET_NAME)";
				SDKROOT = iphoneos;
				SWIFT_VERSION = 5.0;
				VALIDATE_PRODUCT = YES;
			};
			name = Release;
		};
		22EAC95F2BC88E650053AD90 /* Debug */ = {
			isa = XCBuildConfiguration;
			buildSettings = {
				ASSETCATALOG_COMPILER_APPICON_NAME = AppIcon;
				ASSETCATALOG_COMPILER_GLOBAL_ACCENT_COLOR_NAME = AccentColor;
				CODE_SIGN_STYLE = Automatic;
				CURRENT_PROJECT_VERSION = 1;
				DEVELOPMENT_ASSET_PATHS = "\"RavePhone/Preview Content\"";
				DEVELOPMENT_TEAM = J3JH7QQGHX;
				ENABLE_PREVIEWS = YES;
				GENERATE_INFOPLIST_FILE = YES;
				INFOPLIST_FILE = RavePhone/Info.plist;
				INFOPLIST_KEY_NSBluetoothAlwaysUsageDescription = "";
				INFOPLIST_KEY_NSBluetoothPeripheralUsageDescription = "We need bluetooth on the phone for peripheral";
				INFOPLIST_KEY_UIApplicationSceneManifest_Generation = YES;
				INFOPLIST_KEY_UIApplicationSupportsIndirectInputEvents = YES;
				INFOPLIST_KEY_UILaunchScreen_Generation = YES;
				INFOPLIST_KEY_UISupportedInterfaceOrientations_iPad = "UIInterfaceOrientationPortrait UIInterfaceOrientationPortraitUpsideDown UIInterfaceOrientationLandscapeLeft UIInterfaceOrientationLandscapeRight";
				INFOPLIST_KEY_UISupportedInterfaceOrientations_iPhone = "UIInterfaceOrientationPortrait UIInterfaceOrientationLandscapeLeft UIInterfaceOrientationLandscapeRight";
				IPHONEOS_DEPLOYMENT_TARGET = 17.0;
				LD_RUNPATH_SEARCH_PATHS = (
					"$(inherited)",
					"@executable_path/Frameworks",
				);
				MARKETING_VERSION = 1.0;
				PRODUCT_BUNDLE_IDENTIFIER = Sean.RavePhone;
				PRODUCT_NAME = "$(TARGET_NAME)";
				SDKROOT = iphoneos;
				SWIFT_EMIT_LOC_STRINGS = YES;
				SWIFT_VERSION = 5.0;
				TARGETED_DEVICE_FAMILY = "1,2";
			};
			name = Debug;
		};
		22EAC9602BC88E650053AD90 /* Release */ = {
			isa = XCBuildConfiguration;
			buildSettings = {
				ASSETCATALOG_COMPILER_APPICON_NAME = AppIcon;
				ASSETCATALOG_COMPILER_GLOBAL_ACCENT_COLOR_NAME = AccentColor;
				CODE_SIGN_STYLE = Automatic;
				CURRENT_PROJECT_VERSION = 1;
				DEVELOPMENT_ASSET_PATHS = "\"RavePhone/Preview Content\"";
				DEVELOPMENT_TEAM = J3JH7QQGHX;
				ENABLE_PREVIEWS = YES;
				GENERATE_INFOPLIST_FILE = YES;
				INFOPLIST_FILE = RavePhone/Info.plist;
				INFOPLIST_KEY_NSBluetoothAlwaysUsageDescription = "";
				INFOPLIST_KEY_NSBluetoothPeripheralUsageDescription = "We need bluetooth on the phone for peripheral";
				INFOPLIST_KEY_UIApplicationSceneManifest_Generation = YES;
				INFOPLIST_KEY_UIApplicationSupportsIndirectInputEvents = YES;
				INFOPLIST_KEY_UILaunchScreen_Generation = YES;
				INFOPLIST_KEY_UISupportedInterfaceOrientations_iPad = "UIInterfaceOrientationPortrait UIInterfaceOrientationPortraitUpsideDown UIInterfaceOrientationLandscapeLeft UIInterfaceOrientationLandscapeRight";
				INFOPLIST_KEY_UISupportedInterfaceOrientations_iPhone = "UIInterfaceOrientationPortrait UIInterfaceOrientationLandscapeLeft UIInterfaceOrientationLandscapeRight";
				IPHONEOS_DEPLOYMENT_TARGET = 17.0;
				LD_RUNPATH_SEARCH_PATHS = (
					"$(inherited)",
					"@executable_path/Frameworks",
				);
				MARKETING_VERSION = 1.0;
				PRODUCT_BUNDLE_IDENTIFIER = Sean.RavePhone;
				PRODUCT_NAME = "$(TARGET_NAME)";
				SDKROOT = iphoneos;
				SWIFT_EMIT_LOC_STRINGS = YES;
				SWIFT_VERSION = 5.0;
				TARGETED_DEVICE_FAMILY = "1,2";
				VALIDATE_PRODUCT = YES;
			};
			name = Release;
		};
		22F8D3AC2BB3CA4900C468CA /* Debug */ = {
			isa = XCBuildConfiguration;
			buildSettings = {
				ALWAYS_SEARCH_USER_PATHS = NO;
				ASSETCATALOG_COMPILER_GENERATE_SWIFT_ASSET_SYMBOL_EXTENSIONS = YES;
				CLANG_ANALYZER_NONNULL = YES;
				CLANG_ANALYZER_NUMBER_OBJECT_CONVERSION = YES_AGGRESSIVE;
				CLANG_CXX_LANGUAGE_STANDARD = "gnu++20";
				CLANG_ENABLE_MODULES = YES;
				CLANG_ENABLE_OBJC_ARC = YES;
				CLANG_ENABLE_OBJC_WEAK = YES;
				CLANG_WARN_BLOCK_CAPTURE_AUTORELEASING = YES;
				CLANG_WARN_BOOL_CONVERSION = YES;
				CLANG_WARN_COMMA = YES;
				CLANG_WARN_CONSTANT_CONVERSION = YES;
				CLANG_WARN_DEPRECATED_OBJC_IMPLEMENTATIONS = YES;
				CLANG_WARN_DIRECT_OBJC_ISA_USAGE = YES_ERROR;
				CLANG_WARN_DOCUMENTATION_COMMENTS = YES;
				CLANG_WARN_EMPTY_BODY = YES;
				CLANG_WARN_ENUM_CONVERSION = YES;
				CLANG_WARN_INFINITE_RECURSION = YES;
				CLANG_WARN_INT_CONVERSION = YES;
				CLANG_WARN_NON_LITERAL_NULL_CONVERSION = YES;
				CLANG_WARN_OBJC_IMPLICIT_RETAIN_SELF = YES;
				CLANG_WARN_OBJC_LITERAL_CONVERSION = YES;
				CLANG_WARN_OBJC_ROOT_CLASS = YES_ERROR;
				CLANG_WARN_QUOTED_INCLUDE_IN_FRAMEWORK_HEADER = YES;
				CLANG_WARN_RANGE_LOOP_ANALYSIS = YES;
				CLANG_WARN_STRICT_PROTOTYPES = YES;
				CLANG_WARN_SUSPICIOUS_MOVE = YES;
				CLANG_WARN_UNGUARDED_AVAILABILITY = YES_AGGRESSIVE;
				CLANG_WARN_UNREACHABLE_CODE = YES;
				CLANG_WARN__DUPLICATE_METHOD_MATCH = YES;
				COPY_PHASE_STRIP = NO;
				DEBUG_INFORMATION_FORMAT = dwarf;
				ENABLE_STRICT_OBJC_MSGSEND = YES;
				ENABLE_TESTABILITY = YES;
				ENABLE_USER_SCRIPT_SANDBOXING = YES;
				GCC_C_LANGUAGE_STANDARD = gnu17;
				GCC_DYNAMIC_NO_PIC = NO;
				GCC_NO_COMMON_BLOCKS = YES;
				GCC_OPTIMIZATION_LEVEL = 0;
				GCC_PREPROCESSOR_DEFINITIONS = (
					"DEBUG=1",
					"$(inherited)",
				);
				GCC_WARN_64_TO_32_BIT_CONVERSION = YES;
				GCC_WARN_ABOUT_RETURN_TYPE = YES_ERROR;
				GCC_WARN_UNDECLARED_SELECTOR = YES;
				GCC_WARN_UNINITIALIZED_AUTOS = YES_AGGRESSIVE;
				GCC_WARN_UNUSED_FUNCTION = YES;
				GCC_WARN_UNUSED_VARIABLE = YES;
				LOCALIZATION_PREFERS_STRING_CATALOGS = YES;
				MTL_ENABLE_DEBUG_INFO = INCLUDE_SOURCE;
				MTL_FAST_MATH = YES;
				ONLY_ACTIVE_ARCH = YES;
				SWIFT_ACTIVE_COMPILATION_CONDITIONS = "DEBUG $(inherited)";
				SWIFT_OPTIMIZATION_LEVEL = "-Onone";
			};
			name = Debug;
		};
		22F8D3AD2BB3CA4900C468CA /* Release */ = {
			isa = XCBuildConfiguration;
			buildSettings = {
				ALWAYS_SEARCH_USER_PATHS = NO;
				ASSETCATALOG_COMPILER_GENERATE_SWIFT_ASSET_SYMBOL_EXTENSIONS = YES;
				CLANG_ANALYZER_NONNULL = YES;
				CLANG_ANALYZER_NUMBER_OBJECT_CONVERSION = YES_AGGRESSIVE;
				CLANG_CXX_LANGUAGE_STANDARD = "gnu++20";
				CLANG_ENABLE_MODULES = YES;
				CLANG_ENABLE_OBJC_ARC = YES;
				CLANG_ENABLE_OBJC_WEAK = YES;
				CLANG_WARN_BLOCK_CAPTURE_AUTORELEASING = YES;
				CLANG_WARN_BOOL_CONVERSION = YES;
				CLANG_WARN_COMMA = YES;
				CLANG_WARN_CONSTANT_CONVERSION = YES;
				CLANG_WARN_DEPRECATED_OBJC_IMPLEMENTATIONS = YES;
				CLANG_WARN_DIRECT_OBJC_ISA_USAGE = YES_ERROR;
				CLANG_WARN_DOCUMENTATION_COMMENTS = YES;
				CLANG_WARN_EMPTY_BODY = YES;
				CLANG_WARN_ENUM_CONVERSION = YES;
				CLANG_WARN_INFINITE_RECURSION = YES;
				CLANG_WARN_INT_CONVERSION = YES;
				CLANG_WARN_NON_LITERAL_NULL_CONVERSION = YES;
				CLANG_WARN_OBJC_IMPLICIT_RETAIN_SELF = YES;
				CLANG_WARN_OBJC_LITERAL_CONVERSION = YES;
				CLANG_WARN_OBJC_ROOT_CLASS = YES_ERROR;
				CLANG_WARN_QUOTED_INCLUDE_IN_FRAMEWORK_HEADER = YES;
				CLANG_WARN_RANGE_LOOP_ANALYSIS = YES;
				CLANG_WARN_STRICT_PROTOTYPES = YES;
				CLANG_WARN_SUSPICIOUS_MOVE = YES;
				CLANG_WARN_UNGUARDED_AVAILABILITY = YES_AGGRESSIVE;
				CLANG_WARN_UNREACHABLE_CODE = YES;
				CLANG_WARN__DUPLICATE_METHOD_MATCH = YES;
				COPY_PHASE_STRIP = NO;
				DEBUG_INFORMATION_FORMAT = "dwarf-with-dsym";
				ENABLE_NS_ASSERTIONS = NO;
				ENABLE_STRICT_OBJC_MSGSEND = YES;
				ENABLE_USER_SCRIPT_SANDBOXING = YES;
				GCC_C_LANGUAGE_STANDARD = gnu17;
				GCC_NO_COMMON_BLOCKS = YES;
				GCC_WARN_64_TO_32_BIT_CONVERSION = YES;
				GCC_WARN_ABOUT_RETURN_TYPE = YES_ERROR;
				GCC_WARN_UNDECLARED_SELECTOR = YES;
				GCC_WARN_UNINITIALIZED_AUTOS = YES_AGGRESSIVE;
				GCC_WARN_UNUSED_FUNCTION = YES;
				GCC_WARN_UNUSED_VARIABLE = YES;
				LOCALIZATION_PREFERS_STRING_CATALOGS = YES;
				MTL_ENABLE_DEBUG_INFO = NO;
				MTL_FAST_MATH = YES;
				SWIFT_COMPILATION_MODE = wholemodule;
			};
			name = Release;
		};
		22F8D3AF2BB3CA4900C468CA /* Debug */ = {
			isa = XCBuildConfiguration;
			buildSettings = {
				ALWAYS_EMBED_SWIFT_STANDARD_LIBRARIES = YES;
				ASSETCATALOG_COMPILER_APPICON_NAME = AppIcon;
				ASSETCATALOG_COMPILER_GLOBAL_ACCENT_COLOR_NAME = AccentColor;
				CODE_SIGN_STYLE = Automatic;
				CURRENT_PROJECT_VERSION = 1;
				DEVELOPMENT_ASSET_PATHS = "\"RaveWatch Watch App/Preview Content\"";
				DEVELOPMENT_TEAM = J3JH7QQGHX;
				ENABLE_PREVIEWS = YES;
				GENERATE_INFOPLIST_FILE = YES;
				INFOPLIST_KEY_CFBundleDisplayName = RaveWatch;
				INFOPLIST_KEY_UISupportedInterfaceOrientations = "UIInterfaceOrientationPortrait UIInterfaceOrientationPortraitUpsideDown";
				INFOPLIST_KEY_WKWatchOnly = YES;
				LD_RUNPATH_SEARCH_PATHS = (
					"$(inherited)",
					"@executable_path/Frameworks",
				);
				MARKETING_VERSION = 1.0;
				PRODUCT_BUNDLE_IDENTIFIER = Sean.RaveWatch.watchkitapp;
				PRODUCT_NAME = "$(TARGET_NAME)";
				SDKROOT = watchos;
				SKIP_INSTALL = YES;
				SWIFT_EMIT_LOC_STRINGS = YES;
				SWIFT_VERSION = 5.0;
				TARGETED_DEVICE_FAMILY = 4;
				WATCHOS_DEPLOYMENT_TARGET = 10.0;
			};
			name = Debug;
		};
		22F8D3B02BB3CA4900C468CA /* Release */ = {
			isa = XCBuildConfiguration;
			buildSettings = {
				ALWAYS_EMBED_SWIFT_STANDARD_LIBRARIES = YES;
				ASSETCATALOG_COMPILER_APPICON_NAME = AppIcon;
				ASSETCATALOG_COMPILER_GLOBAL_ACCENT_COLOR_NAME = AccentColor;
				CODE_SIGN_STYLE = Automatic;
				CURRENT_PROJECT_VERSION = 1;
				DEVELOPMENT_ASSET_PATHS = "\"RaveWatch Watch App/Preview Content\"";
				DEVELOPMENT_TEAM = J3JH7QQGHX;
				ENABLE_PREVIEWS = YES;
				GENERATE_INFOPLIST_FILE = YES;
				INFOPLIST_KEY_CFBundleDisplayName = RaveWatch;
				INFOPLIST_KEY_UISupportedInterfaceOrientations = "UIInterfaceOrientationPortrait UIInterfaceOrientationPortraitUpsideDown";
				INFOPLIST_KEY_WKWatchOnly = YES;
				LD_RUNPATH_SEARCH_PATHS = (
					"$(inherited)",
					"@executable_path/Frameworks",
				);
				MARKETING_VERSION = 1.0;
				PRODUCT_BUNDLE_IDENTIFIER = Sean.RaveWatch.watchkitapp;
				PRODUCT_NAME = "$(TARGET_NAME)";
				SDKROOT = watchos;
				SKIP_INSTALL = YES;
				SWIFT_EMIT_LOC_STRINGS = YES;
				SWIFT_VERSION = 5.0;
				TARGETED_DEVICE_FAMILY = 4;
				VALIDATE_PRODUCT = YES;
				WATCHOS_DEPLOYMENT_TARGET = 10.0;
			};
			name = Release;
		};
		22F8D3B32BB3CA4900C468CA /* Debug */ = {
			isa = XCBuildConfiguration;
			buildSettings = {
				ALWAYS_EMBED_SWIFT_STANDARD_LIBRARIES = YES;
				CODE_SIGN_STYLE = Automatic;
				CURRENT_PROJECT_VERSION = 1;
				DEVELOPMENT_TEAM = J3JH7QQGHX;
				INFOPLIST_KEY_CFBundleDisplayName = RaveWatch;
				IPHONEOS_DEPLOYMENT_TARGET = 17.0;
				MARKETING_VERSION = 1.0;
				PRODUCT_BUNDLE_IDENTIFIER = Sean.RaveWatch;
				PRODUCT_NAME = "$(TARGET_NAME)";
				SDKROOT = iphoneos;
				SWIFT_VERSION = 5.0;
			};
			name = Debug;
		};
		22F8D3B42BB3CA4900C468CA /* Release */ = {
			isa = XCBuildConfiguration;
			buildSettings = {
				ALWAYS_EMBED_SWIFT_STANDARD_LIBRARIES = YES;
				CODE_SIGN_STYLE = Automatic;
				CURRENT_PROJECT_VERSION = 1;
				DEVELOPMENT_TEAM = J3JH7QQGHX;
				INFOPLIST_KEY_CFBundleDisplayName = RaveWatch;
				IPHONEOS_DEPLOYMENT_TARGET = 17.0;
				MARKETING_VERSION = 1.0;
				PRODUCT_BUNDLE_IDENTIFIER = Sean.RaveWatch;
				PRODUCT_NAME = "$(TARGET_NAME)";
				SDKROOT = iphoneos;
				SWIFT_VERSION = 5.0;
				VALIDATE_PRODUCT = YES;
			};
			name = Release;
		};
		22F8D3C82BB508E000C468CA /* Debug */ = {
			isa = XCBuildConfiguration;
			buildSettings = {
				ASSETCATALOG_COMPILER_APPICON_NAME = AppIcon;
				ASSETCATALOG_COMPILER_GLOBAL_ACCENT_COLOR_NAME = AccentColor;
				CODE_SIGN_ENTITLEMENTS = RaveMac/RaveMacDebug.entitlements;
				CODE_SIGN_STYLE = Automatic;
				COMBINE_HIDPI_IMAGES = YES;
				CURRENT_PROJECT_VERSION = 1;
				DEVELOPMENT_ASSET_PATHS = "\"RaveMac/Preview Content\"";
				DEVELOPMENT_TEAM = J3JH7QQGHX;
				ENABLE_HARDENED_RUNTIME = YES;
				ENABLE_PREVIEWS = YES;
				GENERATE_INFOPLIST_FILE = YES;
				INFOPLIST_KEY_NSBluetoothAlwaysUsageDescription = "Bluetooth is required to connect to RaveWatch";
				INFOPLIST_KEY_NSBluetoothPeripheralUsageDescription = "Bluetooth is required as a peripheral";
				INFOPLIST_KEY_NSHumanReadableCopyright = "";
				LD_RUNPATH_SEARCH_PATHS = (
					"$(inherited)",
					"@executable_path/../Frameworks",
				);
				MACOSX_DEPLOYMENT_TARGET = 14.0;
				MARKETING_VERSION = 1.0;
				PRODUCT_BUNDLE_IDENTIFIER = Sean.RaveMac;
				PRODUCT_NAME = "$(TARGET_NAME)";
				SDKROOT = macosx;
				SWIFT_EMIT_LOC_STRINGS = YES;
				SWIFT_VERSION = 5.0;
			};
			name = Debug;
		};
		22F8D3C92BB508E000C468CA /* Release */ = {
			isa = XCBuildConfiguration;
			buildSettings = {
				ASSETCATALOG_COMPILER_APPICON_NAME = AppIcon;
				ASSETCATALOG_COMPILER_GLOBAL_ACCENT_COLOR_NAME = AccentColor;
				CODE_SIGN_ENTITLEMENTS = RaveMac/RaveMac.entitlements;
				CODE_SIGN_STYLE = Automatic;
				COMBINE_HIDPI_IMAGES = YES;
				CURRENT_PROJECT_VERSION = 1;
				DEVELOPMENT_ASSET_PATHS = "\"RaveMac/Preview Content\"";
				DEVELOPMENT_TEAM = J3JH7QQGHX;
				ENABLE_HARDENED_RUNTIME = YES;
				ENABLE_PREVIEWS = YES;
				GENERATE_INFOPLIST_FILE = YES;
				INFOPLIST_KEY_NSBluetoothAlwaysUsageDescription = "Bluetooth is required to connect to RaveWatch";
				INFOPLIST_KEY_NSBluetoothPeripheralUsageDescription = "Bluetooth is required as a peripheral";
				INFOPLIST_KEY_NSHumanReadableCopyright = "";
				LD_RUNPATH_SEARCH_PATHS = (
					"$(inherited)",
					"@executable_path/../Frameworks",
				);
				MACOSX_DEPLOYMENT_TARGET = 14.0;
				MARKETING_VERSION = 1.0;
				PRODUCT_BUNDLE_IDENTIFIER = Sean.RaveMac;
				PRODUCT_NAME = "$(TARGET_NAME)";
				SDKROOT = macosx;
				SWIFT_EMIT_LOC_STRINGS = YES;
				SWIFT_VERSION = 5.0;
			};
			name = Release;
		};
		22F8D3E02BB5094800C468CA /* Debug */ = {
			isa = XCBuildConfiguration;
			buildSettings = {
				ALWAYS_EMBED_SWIFT_STANDARD_LIBRARIES = YES;
				ASSETCATALOG_COMPILER_APPICON_NAME = AppIcon;
				ASSETCATALOG_COMPILER_GLOBAL_ACCENT_COLOR_NAME = AccentColor;
				CODE_SIGN_STYLE = Automatic;
				CURRENT_PROJECT_VERSION = 1;
				DEVELOPMENT_ASSET_PATHS = "\"GyroWatch Watch App/Preview Content\"";
				DEVELOPMENT_TEAM = J3JH7QQGHX;
				ENABLE_PREVIEWS = YES;
				GENERATE_INFOPLIST_FILE = YES;
				INFOPLIST_FILE = "GyroWatch-Watch-App-Info.plist";
				INFOPLIST_KEY_CFBundleDisplayName = GyroWatch;
				INFOPLIST_KEY_NSBluetoothAlwaysUsageDescription = "Bluetooth is needed to detect";
				INFOPLIST_KEY_UISupportedInterfaceOrientations = "UIInterfaceOrientationPortrait UIInterfaceOrientationPortraitUpsideDown";
				INFOPLIST_KEY_WKWatchOnly = YES;
				LD_RUNPATH_SEARCH_PATHS = (
					"$(inherited)",
					"@executable_path/Frameworks",
				);
				MARKETING_VERSION = 1.0;
				PRODUCT_BUNDLE_IDENTIFIER = Sean.GyroWatch.watchkitapp;
				PRODUCT_NAME = "$(TARGET_NAME)";
				SDKROOT = watchos;
				SKIP_INSTALL = YES;
				SWIFT_EMIT_LOC_STRINGS = YES;
				SWIFT_VERSION = 5.0;
				TARGETED_DEVICE_FAMILY = 4;
				WATCHOS_DEPLOYMENT_TARGET = 10.0;
			};
			name = Debug;
		};
		22F8D3E12BB5094800C468CA /* Release */ = {
			isa = XCBuildConfiguration;
			buildSettings = {
				ALWAYS_EMBED_SWIFT_STANDARD_LIBRARIES = YES;
				ASSETCATALOG_COMPILER_APPICON_NAME = AppIcon;
				ASSETCATALOG_COMPILER_GLOBAL_ACCENT_COLOR_NAME = AccentColor;
				CODE_SIGN_STYLE = Automatic;
				CURRENT_PROJECT_VERSION = 1;
				DEVELOPMENT_ASSET_PATHS = "\"GyroWatch Watch App/Preview Content\"";
				DEVELOPMENT_TEAM = J3JH7QQGHX;
				ENABLE_PREVIEWS = YES;
				GENERATE_INFOPLIST_FILE = YES;
				INFOPLIST_FILE = "GyroWatch-Watch-App-Info.plist";
				INFOPLIST_KEY_CFBundleDisplayName = GyroWatch;
				INFOPLIST_KEY_NSBluetoothAlwaysUsageDescription = "Bluetooth is needed to detect";
				INFOPLIST_KEY_UISupportedInterfaceOrientations = "UIInterfaceOrientationPortrait UIInterfaceOrientationPortraitUpsideDown";
				INFOPLIST_KEY_WKWatchOnly = YES;
				LD_RUNPATH_SEARCH_PATHS = (
					"$(inherited)",
					"@executable_path/Frameworks",
				);
				MARKETING_VERSION = 1.0;
				PRODUCT_BUNDLE_IDENTIFIER = Sean.GyroWatch.watchkitapp;
				PRODUCT_NAME = "$(TARGET_NAME)";
				SDKROOT = watchos;
				SKIP_INSTALL = YES;
				SWIFT_EMIT_LOC_STRINGS = YES;
				SWIFT_VERSION = 5.0;
				TARGETED_DEVICE_FAMILY = 4;
				VALIDATE_PRODUCT = YES;
				WATCHOS_DEPLOYMENT_TARGET = 10.0;
			};
			name = Release;
		};
		22F8D3E42BB5094800C468CA /* Debug */ = {
			isa = XCBuildConfiguration;
			buildSettings = {
				ALWAYS_EMBED_SWIFT_STANDARD_LIBRARIES = YES;
				CODE_SIGN_STYLE = Automatic;
				CURRENT_PROJECT_VERSION = 1;
				DEVELOPMENT_TEAM = J3JH7QQGHX;
				INFOPLIST_KEY_CFBundleDisplayName = GyroWatch;
				MARKETING_VERSION = 1.0;
				PRODUCT_BUNDLE_IDENTIFIER = Sean.GyroWatch;
				PRODUCT_NAME = "$(TARGET_NAME)";
				SDKROOT = iphoneos;
				SWIFT_VERSION = 5.0;
			};
			name = Debug;
		};
		22F8D3E52BB5094800C468CA /* Release */ = {
			isa = XCBuildConfiguration;
			buildSettings = {
				ALWAYS_EMBED_SWIFT_STANDARD_LIBRARIES = YES;
				CODE_SIGN_STYLE = Automatic;
				CURRENT_PROJECT_VERSION = 1;
				DEVELOPMENT_TEAM = J3JH7QQGHX;
				INFOPLIST_KEY_CFBundleDisplayName = GyroWatch;
				MARKETING_VERSION = 1.0;
				PRODUCT_BUNDLE_IDENTIFIER = Sean.GyroWatch;
				PRODUCT_NAME = "$(TARGET_NAME)";
				SDKROOT = iphoneos;
				SWIFT_VERSION = 5.0;
				VALIDATE_PRODUCT = YES;
			};
			name = Release;
		};
/* End XCBuildConfiguration section */

/* Begin XCConfigurationList section */
		2227F9752BC0E9E700E03E8F /* Build configuration list for PBXNativeTarget "ColorWatch Watch App" */ = {
			isa = XCConfigurationList;
			buildConfigurations = (
				2227F9762BC0E9E700E03E8F /* Debug */,
				2227F9772BC0E9E700E03E8F /* Release */,
			);
			defaultConfigurationIsVisible = 0;
			defaultConfigurationName = Release;
		};
		2227F9792BC0E9E700E03E8F /* Build configuration list for PBXNativeTarget "ColorWatch" */ = {
			isa = XCConfigurationList;
			buildConfigurations = (
				2227F97A2BC0E9E700E03E8F /* Debug */,
				2227F97B2BC0E9E700E03E8F /* Release */,
			);
			defaultConfigurationIsVisible = 0;
			defaultConfigurationName = Release;
		};
		22EAC95E2BC88E650053AD90 /* Build configuration list for PBXNativeTarget "RavePhone" */ = {
			isa = XCConfigurationList;
			buildConfigurations = (
				22EAC95F2BC88E650053AD90 /* Debug */,
				22EAC9602BC88E650053AD90 /* Release */,
			);
			defaultConfigurationIsVisible = 0;
			defaultConfigurationName = Release;
		};
		22F8D3952BB3CA4800C468CA /* Build configuration list for PBXProject "RaveWatch" */ = {
			isa = XCConfigurationList;
			buildConfigurations = (
				22F8D3AC2BB3CA4900C468CA /* Debug */,
				22F8D3AD2BB3CA4900C468CA /* Release */,
			);
			defaultConfigurationIsVisible = 0;
			defaultConfigurationName = Release;
		};
		22F8D3AE2BB3CA4900C468CA /* Build configuration list for PBXNativeTarget "RaveWatch Watch App" */ = {
			isa = XCConfigurationList;
			buildConfigurations = (
				22F8D3AF2BB3CA4900C468CA /* Debug */,
				22F8D3B02BB3CA4900C468CA /* Release */,
			);
			defaultConfigurationIsVisible = 0;
			defaultConfigurationName = Release;
		};
		22F8D3B22BB3CA4900C468CA /* Build configuration list for PBXNativeTarget "RaveWatch" */ = {
			isa = XCConfigurationList;
			buildConfigurations = (
				22F8D3B32BB3CA4900C468CA /* Debug */,
				22F8D3B42BB3CA4900C468CA /* Release */,
			);
			defaultConfigurationIsVisible = 0;
			defaultConfigurationName = Release;
		};
		22F8D3C72BB508E000C468CA /* Build configuration list for PBXNativeTarget "RaveMac" */ = {
			isa = XCConfigurationList;
			buildConfigurations = (
				22F8D3C82BB508E000C468CA /* Debug */,
				22F8D3C92BB508E000C468CA /* Release */,
			);
			defaultConfigurationIsVisible = 0;
			defaultConfigurationName = Release;
		};
		22F8D3DF2BB5094800C468CA /* Build configuration list for PBXNativeTarget "GyroWatch Watch App" */ = {
			isa = XCConfigurationList;
			buildConfigurations = (
				22F8D3E02BB5094800C468CA /* Debug */,
				22F8D3E12BB5094800C468CA /* Release */,
			);
			defaultConfigurationIsVisible = 0;
			defaultConfigurationName = Release;
		};
		22F8D3E32BB5094800C468CA /* Build configuration list for PBXNativeTarget "GyroWatch" */ = {
			isa = XCConfigurationList;
			buildConfigurations = (
				22F8D3E42BB5094800C468CA /* Debug */,
				22F8D3E52BB5094800C468CA /* Release */,
			);
			defaultConfigurationIsVisible = 0;
			defaultConfigurationName = Release;
		};
/* End XCConfigurationList section */

/* Begin XCSwiftPackageProductDependency section */
		2227F97D2BC0EB6000E03E8F /* RavePackages */ = {
			isa = XCSwiftPackageProductDependency;
			productName = RavePackages;
		};
		2251376A2BC09A3400131A57 /* RavePackages */ = {
			isa = XCSwiftPackageProductDependency;
			productName = RavePackages;
		};
		22EAC9612BC88EC00053AD90 /* RavePackages */ = {
			isa = XCSwiftPackageProductDependency;
			productName = RavePackages;
		};
		22F8D3E92BB5F3AE00C468CA /* RavePackages */ = {
			isa = XCSwiftPackageProductDependency;
			productName = RavePackages;
		};
		22F8D3EB2BB5F3B100C468CA /* RavePackages */ = {
			isa = XCSwiftPackageProductDependency;
			productName = RavePackages;
		};
/* End XCSwiftPackageProductDependency section */
	};
	rootObject = 22F8D3922BB3CA4800C468CA /* Project object */;
}
